
Microsoft Visual Studio Solution File, Format Version 12.00
# Visual Studio Version 17
VisualStudioVersion = 17.5.33424.131
MinimumVisualStudioVersion = 10.0.40219.1
Project("{9A19103F-16F7-4668-BE54-9A1E7A4F7556}") = "HackerRankTest", "HackerRankTest\HackerRankTest.csproj", "{C23804C4-3BCA-46F4-ADFA-8CC7B3E0A1B1}"
EndProject
Project("{9A19103F-16F7-4668-BE54-9A1E7A4F7556}") = "HackerRank_Sample", "HackerRank_Sample\HackerRank_Sample.csproj", "{DDFBB6F0-E04F-4101-88F6-85471F158938}"
EndProject
Global
	GlobalSection(SolutionConfigurationPlatforms) = preSolution
		Debug|Any CPU = Debug|Any CPU
		Release|Any CPU = Release|Any CPU
	EndGlobalSection
	GlobalSection(ProjectConfigurationPlatforms) = postSolution
		{C23804C4-3BCA-46F4-ADFA-8CC7B3E0A1B1}.Debug|Any CPU.ActiveCfg = Debug|Any CPU
		{C23804C4-3BCA-46F4-ADFA-8CC7B3E0A1B1}.Debug|Any CPU.Build.0 = Debug|Any CPU
		{C23804C4-3BCA-46F4-ADFA-8CC7B3E0A1B1}.Release|Any CPU.ActiveCfg = Release|Any CPU
		{C23804C4-3BCA-46F4-ADFA-8CC7B3E0A1B1}.Release|Any CPU.Build.0 = Release|Any CPU
		{DDFBB6F0-E04F-4101-88F6-85471F158938}.Debug|Any CPU.ActiveCfg = Debug|Any CPU
		{DDFBB6F0-E04F-4101-88F6-85471F158938}.Debug|Any CPU.Build.0 = Debug|Any CPU
		{DDFBB6F0-E04F-4101-88F6-85471F158938}.Release|Any CPU.ActiveCfg = Release|Any CPU
		{DDFBB6F0-E04F-4101-88F6-85471F158938}.Release|Any CPU.Build.0 = Release|Any CPU
	EndGlobalSection
	GlobalSection(SolutionProperties) = preSolution
		HideSolutionNode = FALSE
	EndGlobalSection
	GlobalSection(ExtensibilityGlobals) = postSolution
		SolutionGuid = {DD6F6E67-D416-4B2B-A4DB-46646875455D}
	EndGlobalSection
EndGlobal
